// !$*UTF8*$!
{
	archiveVersion = 1;
	classes = {
	};
	objectVersion = 48;
	objects = {

/* Begin PBXBuildFile section */
		181957351FEA82FF00C1F508 /* UIColor+Extension.swift in Sources */ = {isa = PBXBuildFile; fileRef = 181957341FEA82FF00C1F508 /* UIColor+Extension.swift */; };
		18F817A91FE99FFB009CE89D /* AppDelegate.swift in Sources */ = {isa = PBXBuildFile; fileRef = 18F817A81FE99FFB009CE89D /* AppDelegate.swift */; };
		18F817AB1FE99FFB009CE89D /* ViewController.swift in Sources */ = {isa = PBXBuildFile; fileRef = 18F817AA1FE99FFB009CE89D /* ViewController.swift */; };
		18F817B01FE99FFB009CE89D /* Assets.xcassets in Resources */ = {isa = PBXBuildFile; fileRef = 18F817AF1FE99FFB009CE89D /* Assets.xcassets */; };
		18F817B31FE99FFB009CE89D /* LaunchScreen.storyboard in Resources */ = {isa = PBXBuildFile; fileRef = 18F817B11FE99FFB009CE89D /* LaunchScreen.storyboard */; };
		18F817BE1FE99FFC009CE89D /* KalulaTests.swift in Sources */ = {isa = PBXBuildFile; fileRef = 18F817BD1FE99FFC009CE89D /* KalulaTests.swift */; };
		18F817C91FE99FFC009CE89D /* KalulaUITests.swift in Sources */ = {isa = PBXBuildFile; fileRef = 18F817C81FE99FFC009CE89D /* KalulaUITests.swift */; };
		18F8E17B1FEC0BBA00266013 /* GoogleService-Info.plist in Resources */ = {isa = PBXBuildFile; fileRef = 18F8E17A1FEC0BBA00266013 /* GoogleService-Info.plist */; };
		32B74004A93B0E9A6E6E8F75 /* Pods_KalulaUITests.framework in Frameworks */ = {isa = PBXBuildFile; fileRef = 5971D433310331350675CD09 /* Pods_KalulaUITests.framework */; };
		7F5B50C9814E3ECB4E1F2147 /* Pods_Kalula.framework in Frameworks */ = {isa = PBXBuildFile; fileRef = 1DB6EFFABA70D7C14330FC45 /* Pods_Kalula.framework */; };
		EE895F771860335A3D1218AC /* Pods_KalulaTests.framework in Frameworks */ = {isa = PBXBuildFile; fileRef = 22F0ECAF14AD54EA2D3A52ED /* Pods_KalulaTests.framework */; };
/* End PBXBuildFile section */

/* Begin PBXContainerItemProxy section */
		18F817BA1FE99FFC009CE89D /* PBXContainerItemProxy */ = {
			isa = PBXContainerItemProxy;
			containerPortal = 18F8179D1FE99FFB009CE89D /* Project object */;
			proxyType = 1;
			remoteGlobalIDString = 18F817A41FE99FFB009CE89D;
			remoteInfo = Kalula;
		};
		18F817C51FE99FFC009CE89D /* PBXContainerItemProxy */ = {
			isa = PBXContainerItemProxy;
			containerPortal = 18F8179D1FE99FFB009CE89D /* Project object */;
			proxyType = 1;
			remoteGlobalIDString = 18F817A41FE99FFB009CE89D;
			remoteInfo = Kalula;
		};
/* End PBXContainerItemProxy section */

/* Begin PBXFileReference section */
		003908035378E3C769036C0D /* Pods-KalulaUITests.debug.xcconfig */ = {isa = PBXFileReference; includeInIndex = 1; lastKnownFileType = text.xcconfig; name = "Pods-KalulaUITests.debug.xcconfig"; path = "Pods/Target Support Files/Pods-KalulaUITests/Pods-KalulaUITests.debug.xcconfig"; sourceTree = "<group>"; };
		181957341FEA82FF00C1F508 /* UIColor+Extension.swift */ = {isa = PBXFileReference; lastKnownFileType = sourcecode.swift; path = "UIColor+Extension.swift"; sourceTree = "<group>"; };
		18F817A51FE99FFB009CE89D /* Kalula.app */ = {isa = PBXFileReference; explicitFileType = wrapper.application; includeInIndex = 0; path = Kalula.app; sourceTree = BUILT_PRODUCTS_DIR; };
		18F817A81FE99FFB009CE89D /* AppDelegate.swift */ = {isa = PBXFileReference; lastKnownFileType = sourcecode.swift; path = AppDelegate.swift; sourceTree = "<group>"; };
		18F817AA1FE99FFB009CE89D /* ViewController.swift */ = {isa = PBXFileReference; lastKnownFileType = sourcecode.swift; path = ViewController.swift; sourceTree = "<group>"; };
		18F817AF1FE99FFB009CE89D /* Assets.xcassets */ = {isa = PBXFileReference; lastKnownFileType = folder.assetcatalog; path = Assets.xcassets; sourceTree = "<group>"; };
		18F817B21FE99FFB009CE89D /* Base */ = {isa = PBXFileReference; lastKnownFileType = file.storyboard; name = Base; path = Base.lproj/LaunchScreen.storyboard; sourceTree = "<group>"; };
		18F817B41FE99FFB009CE89D /* Info.plist */ = {isa = PBXFileReference; lastKnownFileType = text.plist.xml; path = Info.plist; sourceTree = "<group>"; };
		18F817B91FE99FFC009CE89D /* KalulaTests.xctest */ = {isa = PBXFileReference; explicitFileType = wrapper.cfbundle; includeInIndex = 0; path = KalulaTests.xctest; sourceTree = BUILT_PRODUCTS_DIR; };
		18F817BD1FE99FFC009CE89D /* KalulaTests.swift */ = {isa = PBXFileReference; lastKnownFileType = sourcecode.swift; path = KalulaTests.swift; sourceTree = "<group>"; };
		18F817BF1FE99FFC009CE89D /* Info.plist */ = {isa = PBXFileReference; lastKnownFileType = text.plist.xml; path = Info.plist; sourceTree = "<group>"; };
		18F817C41FE99FFC009CE89D /* KalulaUITests.xctest */ = {isa = PBXFileReference; explicitFileType = wrapper.cfbundle; includeInIndex = 0; path = KalulaUITests.xctest; sourceTree = BUILT_PRODUCTS_DIR; };
		18F817C81FE99FFC009CE89D /* KalulaUITests.swift */ = {isa = PBXFileReference; lastKnownFileType = sourcecode.swift; path = KalulaUITests.swift; sourceTree = "<group>"; };
		18F817CA1FE99FFC009CE89D /* Info.plist */ = {isa = PBXFileReference; lastKnownFileType = text.plist.xml; path = Info.plist; sourceTree = "<group>"; };
		18F8E17A1FEC0BBA00266013 /* GoogleService-Info.plist */ = {isa = PBXFileReference; fileEncoding = 4; lastKnownFileType = text.plist.xml; path = "GoogleService-Info.plist"; sourceTree = "<group>"; };
		1DB6EFFABA70D7C14330FC45 /* Pods_Kalula.framework */ = {isa = PBXFileReference; explicitFileType = wrapper.framework; includeInIndex = 0; path = Pods_Kalula.framework; sourceTree = BUILT_PRODUCTS_DIR; };
		22F0ECAF14AD54EA2D3A52ED /* Pods_KalulaTests.framework */ = {isa = PBXFileReference; explicitFileType = wrapper.framework; includeInIndex = 0; path = Pods_KalulaTests.framework; sourceTree = BUILT_PRODUCTS_DIR; };
		3E29295ED7AA9E01C0DC90EF /* Pods-KalulaUITests.release.xcconfig */ = {isa = PBXFileReference; includeInIndex = 1; lastKnownFileType = text.xcconfig; name = "Pods-KalulaUITests.release.xcconfig"; path = "Pods/Target Support Files/Pods-KalulaUITests/Pods-KalulaUITests.release.xcconfig"; sourceTree = "<group>"; };
		4849C32A74E2EF5271E3C194 /* Pods-Kalula.debug.xcconfig */ = {isa = PBXFileReference; includeInIndex = 1; lastKnownFileType = text.xcconfig; name = "Pods-Kalula.debug.xcconfig"; path = "Pods/Target Support Files/Pods-Kalula/Pods-Kalula.debug.xcconfig"; sourceTree = "<group>"; };
		5971D433310331350675CD09 /* Pods_KalulaUITests.framework */ = {isa = PBXFileReference; explicitFileType = wrapper.framework; includeInIndex = 0; path = Pods_KalulaUITests.framework; sourceTree = BUILT_PRODUCTS_DIR; };
		599B5CC4CD1BB7D5F7F5CC85 /* Pods-KalulaTests.debug.xcconfig */ = {isa = PBXFileReference; includeInIndex = 1; lastKnownFileType = text.xcconfig; name = "Pods-KalulaTests.debug.xcconfig"; path = "Pods/Target Support Files/Pods-KalulaTests/Pods-KalulaTests.debug.xcconfig"; sourceTree = "<group>"; };
		C223E906FD7C2ADDEDA8FEC9 /* Pods-Kalula.release.xcconfig */ = {isa = PBXFileReference; includeInIndex = 1; lastKnownFileType = text.xcconfig; name = "Pods-Kalula.release.xcconfig"; path = "Pods/Target Support Files/Pods-Kalula/Pods-Kalula.release.xcconfig"; sourceTree = "<group>"; };
		F00B5F967A9CCFA7A79DB15F /* Pods-KalulaTests.release.xcconfig */ = {isa = PBXFileReference; includeInIndex = 1; lastKnownFileType = text.xcconfig; name = "Pods-KalulaTests.release.xcconfig"; path = "Pods/Target Support Files/Pods-KalulaTests/Pods-KalulaTests.release.xcconfig"; sourceTree = "<group>"; };
/* End PBXFileReference section */

/* Begin PBXFrameworksBuildPhase section */
		18F817A21FE99FFB009CE89D /* Frameworks */ = {
			isa = PBXFrameworksBuildPhase;
			buildActionMask = 2147483647;
			files = (
				7F5B50C9814E3ECB4E1F2147 /* Pods_Kalula.framework in Frameworks */,
			);
			runOnlyForDeploymentPostprocessing = 0;
		};
		18F817B61FE99FFC009CE89D /* Frameworks */ = {
			isa = PBXFrameworksBuildPhase;
			buildActionMask = 2147483647;
			files = (
				EE895F771860335A3D1218AC /* Pods_KalulaTests.framework in Frameworks */,
			);
			runOnlyForDeploymentPostprocessing = 0;
		};
		18F817C11FE99FFC009CE89D /* Frameworks */ = {
			isa = PBXFrameworksBuildPhase;
			buildActionMask = 2147483647;
			files = (
				32B74004A93B0E9A6E6E8F75 /* Pods_KalulaUITests.framework in Frameworks */,
			);
			runOnlyForDeploymentPostprocessing = 0;
		};
/* End PBXFrameworksBuildPhase section */

/* Begin PBXGroup section */
		159EAC2595D4E131FE3DAC26 /* Pods */ = {
			isa = PBXGroup;
			children = (
				4849C32A74E2EF5271E3C194 /* Pods-Kalula.debug.xcconfig */,
				C223E906FD7C2ADDEDA8FEC9 /* Pods-Kalula.release.xcconfig */,
				599B5CC4CD1BB7D5F7F5CC85 /* Pods-KalulaTests.debug.xcconfig */,
				F00B5F967A9CCFA7A79DB15F /* Pods-KalulaTests.release.xcconfig */,
				003908035378E3C769036C0D /* Pods-KalulaUITests.debug.xcconfig */,
				3E29295ED7AA9E01C0DC90EF /* Pods-KalulaUITests.release.xcconfig */,
			);
			name = Pods;
			sourceTree = "<group>";
		};
		180166621FF3E0A4005C39A6 /* Database */ = {
			isa = PBXGroup;
			children = (
			);
			path = Database;
			sourceTree = "<group>";
		};
		180166631FF3E0EC005C39A6 /* Network */ = {
			isa = PBXGroup;
			children = (
				180166621FF3E0A4005C39A6 /* Database */,
			);
			path = Network;
			sourceTree = "<group>";
		};
		181957331FEA82E300C1F508 /* Utility */ = {
			isa = PBXGroup;
			children = (
				181957341FEA82FF00C1F508 /* UIColor+Extension.swift */,
			);
			path = Utility;
			sourceTree = "<group>";
		};
		18F8179C1FE99FFB009CE89D = {
			isa = PBXGroup;
			children = (
				18F817A71FE99FFB009CE89D /* Kalula */,
				18F817BC1FE99FFC009CE89D /* KalulaTests */,
				18F817C71FE99FFC009CE89D /* KalulaUITests */,
				18F817A61FE99FFB009CE89D /* Products */,
				159EAC2595D4E131FE3DAC26 /* Pods */,
				874E83D89D998F8DAFFF3290 /* Frameworks */,
			);
			sourceTree = "<group>";
		};
		18F817A61FE99FFB009CE89D /* Products */ = {
			isa = PBXGroup;
			children = (
				18F817A51FE99FFB009CE89D /* Kalula.app */,
				18F817B91FE99FFC009CE89D /* KalulaTests.xctest */,
				18F817C41FE99FFC009CE89D /* KalulaUITests.xctest */,
			);
			name = Products;
			sourceTree = "<group>";
		};
		18F817A71FE99FFB009CE89D /* Kalula */ = {
			isa = PBXGroup;
			children = (
				180166631FF3E0EC005C39A6 /* Network */,
				18F8E17A1FEC0BBA00266013 /* GoogleService-Info.plist */,
				181957331FEA82E300C1F508 /* Utility */,
				18F817A81FE99FFB009CE89D /* AppDelegate.swift */,
				18F817AA1FE99FFB009CE89D /* ViewController.swift */,
				18F817AF1FE99FFB009CE89D /* Assets.xcassets */,
				18F817B11FE99FFB009CE89D /* LaunchScreen.storyboard */,
				18F817B41FE99FFB009CE89D /* Info.plist */,
			);
			path = Kalula;
			sourceTree = "<group>";
		};
		18F817BC1FE99FFC009CE89D /* KalulaTests */ = {
			isa = PBXGroup;
			children = (
				18F817BD1FE99FFC009CE89D /* KalulaTests.swift */,
				18F817BF1FE99FFC009CE89D /* Info.plist */,
			);
			path = KalulaTests;
			sourceTree = "<group>";
		};
		18F817C71FE99FFC009CE89D /* KalulaUITests */ = {
			isa = PBXGroup;
			children = (
				18F817C81FE99FFC009CE89D /* KalulaUITests.swift */,
				18F817CA1FE99FFC009CE89D /* Info.plist */,
			);
			path = KalulaUITests;
			sourceTree = "<group>";
		};
		874E83D89D998F8DAFFF3290 /* Frameworks */ = {
			isa = PBXGroup;
			children = (
				1DB6EFFABA70D7C14330FC45 /* Pods_Kalula.framework */,
				22F0ECAF14AD54EA2D3A52ED /* Pods_KalulaTests.framework */,
				5971D433310331350675CD09 /* Pods_KalulaUITests.framework */,
			);
			name = Frameworks;
			sourceTree = "<group>";
		};
/* End PBXGroup section */

/* Begin PBXNativeTarget section */
		18F817A41FE99FFB009CE89D /* Kalula */ = {
			isa = PBXNativeTarget;
			buildConfigurationList = 18F817CD1FE99FFC009CE89D /* Build configuration list for PBXNativeTarget "Kalula" */;
			buildPhases = (
				68B452902F86F4C87E9F91A6 /* [CP] Check Pods Manifest.lock */,
				18F817A11FE99FFB009CE89D /* Sources */,
				18F817A21FE99FFB009CE89D /* Frameworks */,
				18F817A31FE99FFB009CE89D /* Resources */,
				993177E9D080CC8F62B50495 /* [CP] Embed Pods Frameworks */,
				1298E8C815C2D45407EA340E /* [CP] Copy Pods Resources */,
			);
			buildRules = (
			);
			dependencies = (
			);
			name = Kalula;
			productName = Kalula;
			productReference = 18F817A51FE99FFB009CE89D /* Kalula.app */;
			productType = "com.apple.product-type.application";
		};
		18F817B81FE99FFC009CE89D /* KalulaTests */ = {
			isa = PBXNativeTarget;
			buildConfigurationList = 18F817D01FE99FFC009CE89D /* Build configuration list for PBXNativeTarget "KalulaTests" */;
			buildPhases = (
				2D00E1808942C86CEB6FD141 /* [CP] Check Pods Manifest.lock */,
				18F817B51FE99FFC009CE89D /* Sources */,
				18F817B61FE99FFC009CE89D /* Frameworks */,
				18F817B71FE99FFC009CE89D /* Resources */,
				1F1D214E6DDEE420D31A331C /* [CP] Embed Pods Frameworks */,
				619B166E9FDCB6154ECE030E /* [CP] Copy Pods Resources */,
			);
			buildRules = (
			);
			dependencies = (
				18F817BB1FE99FFC009CE89D /* PBXTargetDependency */,
			);
			name = KalulaTests;
			productName = KalulaTests;
			productReference = 18F817B91FE99FFC009CE89D /* KalulaTests.xctest */;
			productType = "com.apple.product-type.bundle.unit-test";
		};
		18F817C31FE99FFC009CE89D /* KalulaUITests */ = {
			isa = PBXNativeTarget;
			buildConfigurationList = 18F817D31FE99FFC009CE89D /* Build configuration list for PBXNativeTarget "KalulaUITests" */;
			buildPhases = (
				82644848B463D53A428CF744 /* [CP] Check Pods Manifest.lock */,
				18F817C01FE99FFC009CE89D /* Sources */,
				18F817C11FE99FFC009CE89D /* Frameworks */,
				18F817C21FE99FFC009CE89D /* Resources */,
				1C56576068D887515435A9B2 /* [CP] Embed Pods Frameworks */,
				79D89E2077F54F58BF863CBF /* [CP] Copy Pods Resources */,
			);
			buildRules = (
			);
			dependencies = (
				18F817C61FE99FFC009CE89D /* PBXTargetDependency */,
			);
			name = KalulaUITests;
			productName = KalulaUITests;
			productReference = 18F817C41FE99FFC009CE89D /* KalulaUITests.xctest */;
			productType = "com.apple.product-type.bundle.ui-testing";
		};
/* End PBXNativeTarget section */

/* Begin PBXProject section */
		18F8179D1FE99FFB009CE89D /* Project object */ = {
			isa = PBXProject;
			attributes = {
				LastSwiftUpdateCheck = 0910;
				LastUpgradeCheck = 0910;
				ORGANIZATIONNAME = "Christopher Brandon Karani";
				TargetAttributes = {
					18F817A41FE99FFB009CE89D = {
						CreatedOnToolsVersion = 9.1;
						ProvisioningStyle = Automatic;
					};
					18F817B81FE99FFC009CE89D = {
						CreatedOnToolsVersion = 9.1;
						ProvisioningStyle = Automatic;
						TestTargetID = 18F817A41FE99FFB009CE89D;
					};
					18F817C31FE99FFC009CE89D = {
						CreatedOnToolsVersion = 9.1;
						ProvisioningStyle = Automatic;
						TestTargetID = 18F817A41FE99FFB009CE89D;
					};
				};
			};
			buildConfigurationList = 18F817A01FE99FFB009CE89D /* Build configuration list for PBXProject "Kalula" */;
			compatibilityVersion = "Xcode 8.0";
			developmentRegion = en;
			hasScannedForEncodings = 0;
			knownRegions = (
				en,
				Base,
			);
			mainGroup = 18F8179C1FE99FFB009CE89D;
			productRefGroup = 18F817A61FE99FFB009CE89D /* Products */;
			projectDirPath = "";
			projectRoot = "";
			targets = (
				18F817A41FE99FFB009CE89D /* Kalula */,
				18F817B81FE99FFC009CE89D /* KalulaTests */,
				18F817C31FE99FFC009CE89D /* KalulaUITests */,
			);
		};
/* End PBXProject section */

/* Begin PBXResourcesBuildPhase section */
		18F817A31FE99FFB009CE89D /* Resources */ = {
			isa = PBXResourcesBuildPhase;
			buildActionMask = 2147483647;
			files = (
				18F817B31FE99FFB009CE89D /* LaunchScreen.storyboard in Resources */,
				18F8E17B1FEC0BBA00266013 /* GoogleService-Info.plist in Resources */,
				18F817B01FE99FFB009CE89D /* Assets.xcassets in Resources */,
			);
			runOnlyForDeploymentPostprocessing = 0;
		};
		18F817B71FE99FFC009CE89D /* Resources */ = {
			isa = PBXResourcesBuildPhase;
			buildActionMask = 2147483647;
			files = (
			);
			runOnlyForDeploymentPostprocessing = 0;
		};
		18F817C21FE99FFC009CE89D /* Resources */ = {
			isa = PBXResourcesBuildPhase;
			buildActionMask = 2147483647;
			files = (
			);
			runOnlyForDeploymentPostprocessing = 0;
		};
/* End PBXResourcesBuildPhase section */

/* Begin PBXShellScriptBuildPhase section */
		1298E8C815C2D45407EA340E /* [CP] Copy Pods Resources */ = {
			isa = PBXShellScriptBuildPhase;
			buildActionMask = 2147483647;
			files = (
			);
			inputPaths = (
			);
			name = "[CP] Copy Pods Resources";
			outputPaths = (
			);
			runOnlyForDeploymentPostprocessing = 0;
			shellPath = /bin/sh;
			shellScript = "\"${SRCROOT}/Pods/Target Support Files/Pods-Kalula/Pods-Kalula-resources.sh\"\n";
			showEnvVarsInLog = 0;
		};
		1C56576068D887515435A9B2 /* [CP] Embed Pods Frameworks */ = {
			isa = PBXShellScriptBuildPhase;
			buildActionMask = 2147483647;
			files = (
			);
			inputPaths = (
			);
			name = "[CP] Embed Pods Frameworks";
			outputPaths = (
			);
			runOnlyForDeploymentPostprocessing = 0;
			shellPath = /bin/sh;
			shellScript = "\"${SRCROOT}/Pods/Target Support Files/Pods-KalulaUITests/Pods-KalulaUITests-frameworks.sh\"\n";
			showEnvVarsInLog = 0;
		};
		1F1D214E6DDEE420D31A331C /* [CP] Embed Pods Frameworks */ = {
			isa = PBXShellScriptBuildPhase;
			buildActionMask = 2147483647;
			files = (
			);
			inputPaths = (
			);
			name = "[CP] Embed Pods Frameworks";
			outputPaths = (
			);
			runOnlyForDeploymentPostprocessing = 0;
			shellPath = /bin/sh;
			shellScript = "\"${SRCROOT}/Pods/Target Support Files/Pods-KalulaTests/Pods-KalulaTests-frameworks.sh\"\n";
			showEnvVarsInLog = 0;
		};
		2D00E1808942C86CEB6FD141 /* [CP] Check Pods Manifest.lock */ = {
			isa = PBXShellScriptBuildPhase;
			buildActionMask = 2147483647;
			files = (
			);
			inputPaths = (
				"${PODS_PODFILE_DIR_PATH}/Podfile.lock",
				"${PODS_ROOT}/Manifest.lock",
			);
			name = "[CP] Check Pods Manifest.lock";
			outputPaths = (
				"$(DERIVED_FILE_DIR)/Pods-KalulaTests-checkManifestLockResult.txt",
			);
			runOnlyForDeploymentPostprocessing = 0;
			shellPath = /bin/sh;
			shellScript = "diff \"${PODS_PODFILE_DIR_PATH}/Podfile.lock\" \"${PODS_ROOT}/Manifest.lock\" > /dev/null\nif [ $? != 0 ] ; then\n    # print error to STDERR\n    echo \"error: The sandbox is not in sync with the Podfile.lock. Run 'pod install' or update your CocoaPods installation.\" >&2\n    exit 1\nfi\n# This output is used by Xcode 'outputs' to avoid re-running this script phase.\necho \"SUCCESS\" > \"${SCRIPT_OUTPUT_FILE_0}\"\n";
			showEnvVarsInLog = 0;
		};
		619B166E9FDCB6154ECE030E /* [CP] Copy Pods Resources */ = {
			isa = PBXShellScriptBuildPhase;
			buildActionMask = 2147483647;
			files = (
			);
			inputPaths = (
			);
			name = "[CP] Copy Pods Resources";
			outputPaths = (
			);
			runOnlyForDeploymentPostprocessing = 0;
			shellPath = /bin/sh;
			shellScript = "\"${SRCROOT}/Pods/Target Support Files/Pods-KalulaTests/Pods-KalulaTests-resources.sh\"\n";
			showEnvVarsInLog = 0;
		};
		68B452902F86F4C87E9F91A6 /* [CP] Check Pods Manifest.lock */ = {
			isa = PBXShellScriptBuildPhase;
			buildActionMask = 2147483647;
			files = (
			);
			inputPaths = (
				"${PODS_PODFILE_DIR_PATH}/Podfile.lock",
				"${PODS_ROOT}/Manifest.lock",
			);
			name = "[CP] Check Pods Manifest.lock";
			outputPaths = (
				"$(DERIVED_FILE_DIR)/Pods-Kalula-checkManifestLockResult.txt",
			);
			runOnlyForDeploymentPostprocessing = 0;
			shellPath = /bin/sh;
			shellScript = "diff \"${PODS_PODFILE_DIR_PATH}/Podfile.lock\" \"${PODS_ROOT}/Manifest.lock\" > /dev/null\nif [ $? != 0 ] ; then\n    # print error to STDERR\n    echo \"error: The sandbox is not in sync with the Podfile.lock. Run 'pod install' or update your CocoaPods installation.\" >&2\n    exit 1\nfi\n# This output is used by Xcode 'outputs' to avoid re-running this script phase.\necho \"SUCCESS\" > \"${SCRIPT_OUTPUT_FILE_0}\"\n";
			showEnvVarsInLog = 0;
		};
		79D89E2077F54F58BF863CBF /* [CP] Copy Pods Resources */ = {
			isa = PBXShellScriptBuildPhase;
			buildActionMask = 2147483647;
			files = (
			);
			inputPaths = (
			);
			name = "[CP] Copy Pods Resources";
			outputPaths = (
			);
			runOnlyForDeploymentPostprocessing = 0;
			shellPath = /bin/sh;
			shellScript = "\"${SRCROOT}/Pods/Target Support Files/Pods-KalulaUITests/Pods-KalulaUITests-resources.sh\"\n";
			showEnvVarsInLog = 0;
		};
		82644848B463D53A428CF744 /* [CP] Check Pods Manifest.lock */ = {
			isa = PBXShellScriptBuildPhase;
			buildActionMask = 2147483647;
			files = (
			);
			inputPaths = (
				"${PODS_PODFILE_DIR_PATH}/Podfile.lock",
				"${PODS_ROOT}/Manifest.lock",
			);
			name = "[CP] Check Pods Manifest.lock";
			outputPaths = (
				"$(DERIVED_FILE_DIR)/Pods-KalulaUITests-checkManifestLockResult.txt",
			);
			runOnlyForDeploymentPostprocessing = 0;
			shellPath = /bin/sh;
			shellScript = "diff \"${PODS_PODFILE_DIR_PATH}/Podfile.lock\" \"${PODS_ROOT}/Manifest.lock\" > /dev/null\nif [ $? != 0 ] ; then\n    # print error to STDERR\n    echo \"error: The sandbox is not in sync with the Podfile.lock. Run 'pod install' or update your CocoaPods installation.\" >&2\n    exit 1\nfi\n# This output is used by Xcode 'outputs' to avoid re-running this script phase.\necho \"SUCCESS\" > \"${SCRIPT_OUTPUT_FILE_0}\"\n";
			showEnvVarsInLog = 0;
		};
		993177E9D080CC8F62B50495 /* [CP] Embed Pods Frameworks */ = {
			isa = PBXShellScriptBuildPhase;
			buildActionMask = 2147483647;
			files = (
			);
			inputPaths = (
				"${SRCROOT}/Pods/Target Support Files/Pods-Kalula/Pods-Kalula-frameworks.sh",
				"${BUILT_PRODUCTS_DIR}/GTMSessionFetcher/GTMSessionFetcher.framework",
				"${BUILT_PRODUCTS_DIR}/GoogleToolboxForMac/GoogleToolboxForMac.framework",
				"${BUILT_PRODUCTS_DIR}/RxCocoa/RxCocoa.framework",
				"${BUILT_PRODUCTS_DIR}/RxSwift/RxSwift.framework",
				"${BUILT_PRODUCTS_DIR}/SnapKit/SnapKit.framework",
				"${BUILT_PRODUCTS_DIR}/Sukari/Sukari.framework",
				"${BUILT_PRODUCTS_DIR}/leveldb-library/leveldb.framework",
				"${BUILT_PRODUCTS_DIR}/nanopb/nanopb.framework",
			);
			name = "[CP] Embed Pods Frameworks";
			outputPaths = (
				"${TARGET_BUILD_DIR}/${FRAMEWORKS_FOLDER_PATH}/GTMSessionFetcher.framework",
				"${TARGET_BUILD_DIR}/${FRAMEWORKS_FOLDER_PATH}/GoogleToolboxForMac.framework",
				"${TARGET_BUILD_DIR}/${FRAMEWORKS_FOLDER_PATH}/RxCocoa.framework",
				"${TARGET_BUILD_DIR}/${FRAMEWORKS_FOLDER_PATH}/RxSwift.framework",
				"${TARGET_BUILD_DIR}/${FRAMEWORKS_FOLDER_PATH}/SnapKit.framework",
				"${TARGET_BUILD_DIR}/${FRAMEWORKS_FOLDER_PATH}/Sukari.framework",
				"${TARGET_BUILD_DIR}/${FRAMEWORKS_FOLDER_PATH}/leveldb.framework",
				"${TARGET_BUILD_DIR}/${FRAMEWORKS_FOLDER_PATH}/nanopb.framework",
			);
			runOnlyForDeploymentPostprocessing = 0;
			shellPath = /bin/sh;
			shellScript = "\"${SRCROOT}/Pods/Target Support Files/Pods-Kalula/Pods-Kalula-frameworks.sh\"\n";
			showEnvVarsInLog = 0;
		};
/* End PBXShellScriptBuildPhase section */

/* Begin PBXSourcesBuildPhase section */
		18F817A11FE99FFB009CE89D /* Sources */ = {
			isa = PBXSourcesBuildPhase;
			buildActionMask = 2147483647;
			files = (
				181957351FEA82FF00C1F508 /* UIColor+Extension.swift in Sources */,
				18F817AB1FE99FFB009CE89D /* ViewController.swift in Sources */,
				18F817A91FE99FFB009CE89D /* AppDelegate.swift in Sources */,
			);
			runOnlyForDeploymentPostprocessing = 0;
		};
		18F817B51FE99FFC009CE89D /* Sources */ = {
			isa = PBXSourcesBuildPhase;
			buildActionMask = 2147483647;
			files = (
				18F817BE1FE99FFC009CE89D /* KalulaTests.swift in Sources */,
			);
			runOnlyForDeploymentPostprocessing = 0;
		};
		18F817C01FE99FFC009CE89D /* Sources */ = {
			isa = PBXSourcesBuildPhase;
			buildActionMask = 2147483647;
			files = (
				18F817C91FE99FFC009CE89D /* KalulaUITests.swift in Sources */,
			);
			runOnlyForDeploymentPostprocessing = 0;
		};
/* End PBXSourcesBuildPhase section */

/* Begin PBXTargetDependency section */
		18F817BB1FE99FFC009CE89D /* PBXTargetDependency */ = {
			isa = PBXTargetDependency;
			target = 18F817A41FE99FFB009CE89D /* Kalula */;
			targetProxy = 18F817BA1FE99FFC009CE89D /* PBXContainerItemProxy */;
		};
		18F817C61FE99FFC009CE89D /* PBXTargetDependency */ = {
			isa = PBXTargetDependency;
			target = 18F817A41FE99FFB009CE89D /* Kalula */;
			targetProxy = 18F817C51FE99FFC009CE89D /* PBXContainerItemProxy */;
		};
/* End PBXTargetDependency section */

/* Begin PBXVariantGroup section */
		18F817B11FE99FFB009CE89D /* LaunchScreen.storyboard */ = {
			isa = PBXVariantGroup;
			children = (
				18F817B21FE99FFB009CE89D /* Base */,
			);
			name = LaunchScreen.storyboard;
			sourceTree = "<group>";
		};
/* End PBXVariantGroup section */

/* Begin XCBuildConfiguration section */
		18F817CB1FE99FFC009CE89D /* Debug */ = {
			isa = XCBuildConfiguration;
			buildSettings = {
				ALWAYS_SEARCH_USER_PATHS = NO;
				CLANG_ANALYZER_NONNULL = YES;
				CLANG_ANALYZER_NUMBER_OBJECT_CONVERSION = YES_AGGRESSIVE;
				CLANG_CXX_LANGUAGE_STANDARD = "gnu++14";
				CLANG_CXX_LIBRARY = "libc++";
				CLANG_ENABLE_MODULES = YES;
				CLANG_ENABLE_OBJC_ARC = YES;
				CLANG_WARN_BLOCK_CAPTURE_AUTORELEASING = YES;
				CLANG_WARN_BOOL_CONVERSION = YES;
				CLANG_WARN_COMMA = YES;
				CLANG_WARN_CONSTANT_CONVERSION = YES;
				CLANG_WARN_DIRECT_OBJC_ISA_USAGE = YES_ERROR;
				CLANG_WARN_DOCUMENTATION_COMMENTS = YES;
				CLANG_WARN_EMPTY_BODY = YES;
				CLANG_WARN_ENUM_CONVERSION = YES;
				CLANG_WARN_INFINITE_RECURSION = YES;
				CLANG_WARN_INT_CONVERSION = YES;
				CLANG_WARN_NON_LITERAL_NULL_CONVERSION = YES;
				CLANG_WARN_OBJC_LITERAL_CONVERSION = YES;
				CLANG_WARN_OBJC_ROOT_CLASS = YES_ERROR;
				CLANG_WARN_RANGE_LOOP_ANALYSIS = YES;
				CLANG_WARN_STRICT_PROTOTYPES = YES;
				CLANG_WARN_SUSPICIOUS_MOVE = YES;
				CLANG_WARN_UNGUARDED_AVAILABILITY = YES_AGGRESSIVE;
				CLANG_WARN_UNREACHABLE_CODE = YES;
				CLANG_WARN__DUPLICATE_METHOD_MATCH = YES;
				CODE_SIGN_IDENTITY = "iPhone Developer";
				COPY_PHASE_STRIP = NO;
				DEBUG_INFORMATION_FORMAT = dwarf;
				ENABLE_STRICT_OBJC_MSGSEND = YES;
				ENABLE_TESTABILITY = YES;
				GCC_C_LANGUAGE_STANDARD = gnu11;
				GCC_DYNAMIC_NO_PIC = NO;
				GCC_NO_COMMON_BLOCKS = YES;
				GCC_OPTIMIZATION_LEVEL = 0;
				GCC_PREPROCESSOR_DEFINITIONS = (
					"DEBUG=1",
					"$(inherited)",
				);
				GCC_WARN_64_TO_32_BIT_CONVERSION = YES;
				GCC_WARN_ABOUT_RETURN_TYPE = YES_ERROR;
				GCC_WARN_UNDECLARED_SELECTOR = YES;
				GCC_WARN_UNINITIALIZED_AUTOS = YES_AGGRESSIVE;
				GCC_WARN_UNUSED_FUNCTION = YES;
				GCC_WARN_UNUSED_VARIABLE = YES;
				IPHONEOS_DEPLOYMENT_TARGET = 11.1;
				MTL_ENABLE_DEBUG_INFO = YES;
				ONLY_ACTIVE_ARCH = YES;
				SDKROOT = iphoneos;
				SWIFT_ACTIVE_COMPILATION_CONDITIONS = DEBUG;
				SWIFT_OPTIMIZATION_LEVEL = "-Onone";
			};
			name = Debug;
		};
		18F817CC1FE99FFC009CE89D /* Release */ = {
			isa = XCBuildConfiguration;
			buildSettings = {
				ALWAYS_SEARCH_USER_PATHS = NO;
				CLANG_ANALYZER_NONNULL = YES;
				CLANG_ANALYZER_NUMBER_OBJECT_CONVERSION = YES_AGGRESSIVE;
				CLANG_CXX_LANGUAGE_STANDARD = "gnu++14";
				CLANG_CXX_LIBRARY = "libc++";
				CLANG_ENABLE_MODULES = YES;
				CLANG_ENABLE_OBJC_ARC = YES;
				CLANG_WARN_BLOCK_CAPTURE_AUTORELEASING = YES;
				CLANG_WARN_BOOL_CONVERSION = YES;
				CLANG_WARN_COMMA = YES;
				CLANG_WARN_CONSTANT_CONVERSION = YES;
				CLANG_WARN_DIRECT_OBJC_ISA_USAGE = YES_ERROR;
				CLANG_WARN_DOCUMENTATION_COMMENTS = YES;
				CLANG_WARN_EMPTY_BODY = YES;
				CLANG_WARN_ENUM_CONVERSION = YES;
				CLANG_WARN_INFINITE_RECURSION = YES;
				CLANG_WARN_INT_CONVERSION = YES;
				CLANG_WARN_NON_LITERAL_NULL_CONVERSION = YES;
				CLANG_WARN_OBJC_LITERAL_CONVERSION = YES;
				CLANG_WARN_OBJC_ROOT_CLASS = YES_ERROR;
				CLANG_WARN_RANGE_LOOP_ANALYSIS = YES;
				CLANG_WARN_STRICT_PROTOTYPES = YES;
				CLANG_WARN_SUSPICIOUS_MOVE = YES;
				CLANG_WARN_UNGUARDED_AVAILABILITY = YES_AGGRESSIVE;
				CLANG_WARN_UNREACHABLE_CODE = YES;
				CLANG_WARN__DUPLICATE_METHOD_MATCH = YES;
				CODE_SIGN_IDENTITY = "iPhone Developer";
				COPY_PHASE_STRIP = NO;
				DEBUG_INFORMATION_FORMAT = "dwarf-with-dsym";
				ENABLE_NS_ASSERTIONS = NO;
				ENABLE_STRICT_OBJC_MSGSEND = YES;
				GCC_C_LANGUAGE_STANDARD = gnu11;
				GCC_NO_COMMON_BLOCKS = YES;
				GCC_WARN_64_TO_32_BIT_CONVERSION = YES;
				GCC_WARN_ABOUT_RETURN_TYPE = YES_ERROR;
				GCC_WARN_UNDECLARED_SELECTOR = YES;
				GCC_WARN_UNINITIALIZED_AUTOS = YES_AGGRESSIVE;
				GCC_WARN_UNUSED_FUNCTION = YES;
				GCC_WARN_UNUSED_VARIABLE = YES;
				IPHONEOS_DEPLOYMENT_TARGET = 11.1;
				MTL_ENABLE_DEBUG_INFO = NO;
				SDKROOT = iphoneos;
				SWIFT_OPTIMIZATION_LEVEL = "-Owholemodule";
				VALIDATE_PRODUCT = YES;
			};
			name = Release;
		};
		18F817CE1FE99FFC009CE89D /* Debug */ = {
			isa = XCBuildConfiguration;
			baseConfigurationReference = 4849C32A74E2EF5271E3C194 /* Pods-Kalula.debug.xcconfig */;
			buildSettings = {
				ASSETCATALOG_COMPILER_APPICON_NAME = AppIcon;
				CODE_SIGN_STYLE = Automatic;
				DEVELOPMENT_TEAM = BTSZ26LN83;
				INFOPLIST_FILE = Kalula/Info.plist;
				LD_RUNPATH_SEARCH_PATHS = "$(inherited) @executable_path/Frameworks";
				PRODUCT_BUNDLE_IDENTIFIER = app.kalula.io;
				PRODUCT_NAME = "$(TARGET_NAME)";
				SWIFT_VERSION = 4.0;
				TARGETED_DEVICE_FAMILY = "1,2";
			};
			name = Debug;
		};
		18F817CF1FE99FFC009CE89D /* Release */ = {
			isa = XCBuildConfiguration;
			baseConfigurationReference = C223E906FD7C2ADDEDA8FEC9 /* Pods-Kalula.release.xcconfig */;
			buildSettings = {
				ASSETCATALOG_COMPILER_APPICON_NAME = AppIcon;
				CODE_SIGN_STYLE = Automatic;
				DEVELOPMENT_TEAM = BTSZ26LN83;
				INFOPLIST_FILE = Kalula/Info.plist;
				LD_RUNPATH_SEARCH_PATHS = "$(inherited) @executable_path/Frameworks";
				PRODUCT_BUNDLE_IDENTIFIER = app.kalula.io;
				PRODUCT_NAME = "$(TARGET_NAME)";
				SWIFT_VERSION = 4.0;
				TARGETED_DEVICE_FAMILY = "1,2";
			};
			name = Release;
		};
		18F817D11FE99FFC009CE89D /* Debug */ = {
			isa = XCBuildConfiguration;
			baseConfigurationReference = 599B5CC4CD1BB7D5F7F5CC85 /* Pods-KalulaTests.debug.xcconfig */;
			buildSettings = {
				ALWAYS_EMBED_SWIFT_STANDARD_LIBRARIES = YES;
				BUNDLE_LOADER = "$(TEST_HOST)";
				CODE_SIGN_STYLE = Automatic;
				DEVELOPMENT_TEAM = BTSZ26LN83;
				INFOPLIST_FILE = KalulaTests/Info.plist;
				LD_RUNPATH_SEARCH_PATHS = "$(inherited) @executable_path/Frameworks @loader_path/Frameworks";
				PRODUCT_BUNDLE_IDENTIFIER = ChrisKarani.KalulaTests;
				PRODUCT_NAME = "$(TARGET_NAME)";
				SWIFT_VERSION = 4.0;
				TARGETED_DEVICE_FAMILY = "1,2";
				TEST_HOST = "$(BUILT_PRODUCTS_DIR)/Kalula.app/Kalula";
			};
			name = Debug;
		};
		18F817D21FE99FFC009CE89D /* Release */ = {
			isa = XCBuildConfiguration;
			baseConfigurationReference = F00B5F967A9CCFA7A79DB15F /* Pods-KalulaTests.release.xcconfig */;
			buildSettings = {
				ALWAYS_EMBED_SWIFT_STANDARD_LIBRARIES = YES;
				BUNDLE_LOADER = "$(TEST_HOST)";
				CODE_SIGN_STYLE = Automatic;
				DEVELOPMENT_TEAM = BTSZ26LN83;
				INFOPLIST_FILE = KalulaTests/Info.plist;
				LD_RUNPATH_SEARCH_PATHS = "$(inherited) @executable_path/Frameworks @loader_path/Frameworks";
				PRODUCT_BUNDLE_IDENTIFIER = ChrisKarani.KalulaTests;
				PRODUCT_NAME = "$(TARGET_NAME)";
				SWIFT_VERSION = 4.0;
				TARGETED_DEVICE_FAMILY = "1,2";
				TEST_HOST = "$(BUILT_PRODUCTS_DIR)/Kalula.app/Kalula";
			};
			name = Release;
		};
		18F817D41FE99FFC009CE89D /* Debug */ = {
			isa = XCBuildConfiguration;
			baseConfigurationReference = 003908035378E3C769036C0D /* Pods-KalulaUITests.debug.xcconfig */;
			buildSettings = {
				ALWAYS_EMBED_SWIFT_STANDARD_LIBRARIES = YES;
				CODE_SIGN_STYLE = Automatic;
				DEVELOPMENT_TEAM = BTSZ26LN83;
				INFOPLIST_FILE = KalulaUITests/Info.plist;
				LD_RUNPATH_SEARCH_PATHS = "$(inherited) @executable_path/Frameworks @loader_path/Frameworks";
				PRODUCT_BUNDLE_IDENTIFIER = ChrisKarani.KalulaUITests;
				PRODUCT_NAME = "$(TARGET_NAME)";
				SWIFT_VERSION = 4.0;
				TARGETED_DEVICE_FAMILY = "1,2";
				TEST_TARGET_NAME = Kalula;
			};
			name = Debug;
		};
		18F817D51FE99FFC009CE89D /* Release */ = {
			isa = XCBuildConfiguration;
			baseConfigurationReference = 3E29295ED7AA9E01C0DC90EF /* Pods-KalulaUITests.release.xcconfig */;
			buildSettings = {
				ALWAYS_EMBED_SWIFT_STANDARD_LIBRARIES = YES;
				CODE_SIGN_STYLE = Automatic;
				DEVELOPMENT_TEAM = BTSZ26LN83;
				INFOPLIST_FILE = KalulaUITests/Info.plist;
				LD_RUNPATH_SEARCH_PATHS = "$(inherited) @executable_path/Frameworks @loader_path/Frameworks";
				PRODUCT_BUNDLE_IDENTIFIER = ChrisKarani.KalulaUITests;
				PRODUCT_NAME = "$(TARGET_NAME)";
				SWIFT_VERSION = 4.0;
				TARGETED_DEVICE_FAMILY = "1,2";
				TEST_TARGET_NAME = Kalula;
			};
			name = Release;
		};
/* End XCBuildConfiguration section */

/* Begin XCConfigurationList section */
		18F817A01FE99FFB009CE89D /* Build configuration list for PBXProject "Kalula" */ = {
			isa = XCConfigurationList;
			buildConfigurations = (
				18F817CB1FE99FFC009CE89D /* Debug */,
				18F817CC1FE99FFC009CE89D /* Release */,
			);
			defaultConfigurationIsVisible = 0;
			defaultConfigurationName = Release;
		};
		18F817CD1FE99FFC009CE89D /* Build configuration list for PBXNativeTarget "Kalula" */ = {
			isa = XCConfigurationList;
			buildConfigurations = (
				18F817CE1FE99FFC009CE89D /* Debug */,
				18F817CF1FE99FFC009CE89D /* Release */,
			);
			defaultConfigurationIsVisible = 0;
			defaultConfigurationName = Release;
		};
		18F817D01FE99FFC009CE89D /* Build configuration list for PBXNativeTarget "KalulaTests" */ = {
			isa = XCConfigurationList;
			buildConfigurations = (
				18F817D11FE99FFC009CE89D /* Debug */,
				18F817D21FE99FFC009CE89D /* Release */,
			);
			defaultConfigurationIsVisible = 0;
			defaultConfigurationName = Release;
		};
		18F817D31FE99FFC009CE89D /* Build configuration list for PBXNativeTarget "KalulaUITests" */ = {
			isa = XCConfigurationList;
			buildConfigurations = (
				18F817D41FE99FFC009CE89D /* Debug */,
				18F817D51FE99FFC009CE89D /* Release */,
			);
			defaultConfigurationIsVisible = 0;
			defaultConfigurationName = Release;
		};
/* End XCConfigurationList section */
	};
	rootObject = 18F8179D1FE99FFB009CE89D /* Project object */;
}
